
Microsoft Visual Studio Solution File, Format Version 12.00
# Visual Studio Version 17
VisualStudioVersion = 17.5.33424.131
MinimumVisualStudioVersion = 10.0.40219.1
Project("{FAE04EC0-301F-11D3-BF4B-00C04F79EFBC}") = "MindBoxSolution", "MindBoxSolution.csproj", "{0AACCF86-8539-4A3E-B3CA-A28F57C2EC0A}"
EndProject
Global
	GlobalSection(SolutionConfigurationPlatforms) = preSolution
		Debug|Any CPU = Debug|Any CPU
		Release|Any CPU = Release|Any CPU
	EndGlobalSection
	GlobalSection(ProjectConfigurationPlatforms) = postSolution
		{0AACCF86-8539-4A3E-B3CA-A28F57C2EC0A}.Debug|Any CPU.ActiveCfg = Debug|Any CPU
		{0AACCF86-8539-4A3E-B3CA-A28F57C2EC0A}.Debug|Any CPU.Build.0 = Debug|Any CPU
		{0AACCF86-8539-4A3E-B3CA-A28F57C2EC0A}.Release|Any CPU.ActiveCfg = Release|Any CPU
		{0AACCF86-8539-4A3E-B3CA-A28F57C2EC0A}.Release|Any CPU.Build.0 = Release|Any CPU
	EndGlobalSection
	GlobalSection(SolutionProperties) = preSolution
		HideSolutionNode = FALSE
	EndGlobalSection
	GlobalSection(ExtensibilityGlobals) = postSolution
		SolutionGuid = {0EFAE0AE-D1D4-4C16-9487-F691905A31A8}
	EndGlobalSection
EndGlobal
